
Microsoft Visual Studio Solution File, Format Version 12.00
# Visual Studio Version 16
VisualStudioVersion = 16.0.29519.87
MinimumVisualStudioVersion = 10.0.40219.1
Project("{FAE04EC0-301F-11D3-BF4B-00C04F79EFBC}") = "Iterative_computation", "Iterative_computation.csproj", "{2659E4F2-A008-4FF2-BFD0-88D254EA6456}"
EndProject
Global
	GlobalSection(SolutionConfigurationPlatforms) = preSolution
		Debug|Any CPU = Debug|Any CPU
		Release|Any CPU = Release|Any CPU
	EndGlobalSection
	GlobalSection(ProjectConfigurationPlatforms) = postSolution
		{2659E4F2-A008-4FF2-BFD0-88D254EA6456}.Debug|Any CPU.ActiveCfg = Debug|Any CPU
		{2659E4F2-A008-4FF2-BFD0-88D254EA6456}.Debug|Any CPU.Build.0 = Debug|Any CPU
		{2659E4F2-A008-4FF2-BFD0-88D254EA6456}.Release|Any CPU.ActiveCfg = Release|Any CPU
		{2659E4F2-A008-4FF2-BFD0-88D254EA6456}.Release|Any CPU.Build.0 = Release|Any CPU
	EndGlobalSection
	GlobalSection(SolutionProperties) = preSolution
		HideSolutionNode = FALSE
	EndGlobalSection
	GlobalSection(ExtensibilityGlobals) = postSolution
		SolutionGuid = {77A6B137-0609-43ED-B588-D1FA91BBDFEB}
	EndGlobalSection
EndGlobal
